
Microsoft Visual Studio Solution File, Format Version 12.00
# Visual Studio Version 17
VisualStudioVersion = 17.0.32112.339
MinimumVisualStudioVersion = 10.0.40219.1
Project("{9A19103F-16F7-4668-BE54-9A1E7A4F7556}") = "SwgohAssetGetterConsoleStudio", "SwgohAssetGetterConsole\SwgohAssetGetterConsoleStudio.csproj", "{4AA0E0C4-C091-431F-B204-1FD1DBD506D9}"
EndProject
Project("{9A19103F-16F7-4668-BE54-9A1E7A4F7556}") = "AssetGetterTools", "AssetGetterTools\AssetGetterTools.csproj", "{8C57054A-B275-45DC-9D53-74E014CC4594}"
EndProject
Project("{9A19103F-16F7-4668-BE54-9A1E7A4F7556}") = "Texture2DDecoderWrapper", "AssetStudio\Texture2DDecoderWrapper\Texture2DDecoderWrapper.csproj", "{412415A4-4343-497E-9F56-3C9865417DDD}"
EndProject
Project("{9A19103F-16F7-4668-BE54-9A1E7A4F7556}") = "AssetStudio.PInvoke", "AssetStudio\AssetStudio.PInvoke\AssetStudio.PInvoke.csproj", "{BB36C222-3E22-4521-A4FF-4F43EBAD5670}"
EndProject
Project("{9A19103F-16F7-4668-BE54-9A1E7A4F7556}") = "AssetStudioUtility", "AssetStudio\AssetStudioUtility\AssetStudioUtility.csproj", "{B236AB76-C2FD-4342-A928-549EB0DEA9F0}"
EndProject
Project("{9A19103F-16F7-4668-BE54-9A1E7A4F7556}") = "AssetStudio", "AssetStudio\AssetStudio\AssetStudio.csproj", "{150F53D0-BCD1-4936-B93C-A8F371945773}"
EndProject
Project("{9A19103F-16F7-4668-BE54-9A1E7A4F7556}") = "AssetStudioFBXWrapper", "AssetStudio\AssetStudioFBXWrapper\AssetStudioFBXWrapper.csproj", "{AC2808DA-504A-4529-A1F4-A38842550099}"
EndProject
Global
	GlobalSection(SolutionConfigurationPlatforms) = preSolution
		Debug|Any CPU = Debug|Any CPU
		Debug|x64 = Debug|x64
		Debug|x86 = Debug|x86
		Release|Any CPU = Release|Any CPU
		Release|x64 = Release|x64
		Release|x86 = Release|x86
		Virtual|Any CPU = Virtual|Any CPU
		Virtual|x64 = Virtual|x64
		Virtual|x86 = Virtual|x86
	EndGlobalSection
	GlobalSection(ProjectConfigurationPlatforms) = postSolution
		{4AA0E0C4-C091-431F-B204-1FD1DBD506D9}.Debug|Any CPU.ActiveCfg = Debug|Any CPU
		{4AA0E0C4-C091-431F-B204-1FD1DBD506D9}.Debug|Any CPU.Build.0 = Debug|Any CPU
		{4AA0E0C4-C091-431F-B204-1FD1DBD506D9}.Debug|x64.ActiveCfg = Debug|Any CPU
		{4AA0E0C4-C091-431F-B204-1FD1DBD506D9}.Debug|x64.Build.0 = Debug|Any CPU
		{4AA0E0C4-C091-431F-B204-1FD1DBD506D9}.Debug|x86.ActiveCfg = Debug|Any CPU
		{4AA0E0C4-C091-431F-B204-1FD1DBD506D9}.Debug|x86.Build.0 = Debug|Any CPU
		{4AA0E0C4-C091-431F-B204-1FD1DBD506D9}.Release|Any CPU.ActiveCfg = Release|Any CPU
		{4AA0E0C4-C091-431F-B204-1FD1DBD506D9}.Release|Any CPU.Build.0 = Release|Any CPU
		{4AA0E0C4-C091-431F-B204-1FD1DBD506D9}.Release|x64.ActiveCfg = Release|Any CPU
		{4AA0E0C4-C091-431F-B204-1FD1DBD506D9}.Release|x64.Build.0 = Release|Any CPU
		{4AA0E0C4-C091-431F-B204-1FD1DBD506D9}.Release|x86.ActiveCfg = Release|Any CPU
		{4AA0E0C4-C091-431F-B204-1FD1DBD506D9}.Release|x86.Build.0 = Release|Any CPU
		{4AA0E0C4-C091-431F-B204-1FD1DBD506D9}.Virtual|Any CPU.ActiveCfg = Release|Any CPU
		{4AA0E0C4-C091-431F-B204-1FD1DBD506D9}.Virtual|Any CPU.Build.0 = Release|Any CPU
		{4AA0E0C4-C091-431F-B204-1FD1DBD506D9}.Virtual|x64.ActiveCfg = Release|Any CPU
		{4AA0E0C4-C091-431F-B204-1FD1DBD506D9}.Virtual|x64.Build.0 = Release|Any CPU
		{4AA0E0C4-C091-431F-B204-1FD1DBD506D9}.Virtual|x86.ActiveCfg = Release|Any CPU
		{4AA0E0C4-C091-431F-B204-1FD1DBD506D9}.Virtual|x86.Build.0 = Release|Any CPU
		{8C57054A-B275-45DC-9D53-74E014CC4594}.Debug|Any CPU.ActiveCfg = Debug|Any CPU
		{8C57054A-B275-45DC-9D53-74E014CC4594}.Debug|Any CPU.Build.0 = Debug|Any CPU
		{8C57054A-B275-45DC-9D53-74E014CC4594}.Debug|x64.ActiveCfg = Debug|Any CPU
		{8C57054A-B275-45DC-9D53-74E014CC4594}.Debug|x64.Build.0 = Debug|Any CPU
		{8C57054A-B275-45DC-9D53-74E014CC4594}.Debug|x86.ActiveCfg = Debug|Any CPU
		{8C57054A-B275-45DC-9D53-74E014CC4594}.Debug|x86.Build.0 = Debug|Any CPU
		{8C57054A-B275-45DC-9D53-74E014CC4594}.Release|Any CPU.ActiveCfg = Release|Any CPU
		{8C57054A-B275-45DC-9D53-74E014CC4594}.Release|Any CPU.Build.0 = Release|Any CPU
		{8C57054A-B275-45DC-9D53-74E014CC4594}.Release|x64.ActiveCfg = Release|Any CPU
		{8C57054A-B275-45DC-9D53-74E014CC4594}.Release|x64.Build.0 = Release|Any CPU
		{8C57054A-B275-45DC-9D53-74E014CC4594}.Release|x86.ActiveCfg = Release|Any CPU
		{8C57054A-B275-45DC-9D53-74E014CC4594}.Release|x86.Build.0 = Release|Any CPU
		{8C57054A-B275-45DC-9D53-74E014CC4594}.Virtual|Any CPU.ActiveCfg = Release|Any CPU
		{8C57054A-B275-45DC-9D53-74E014CC4594}.Virtual|Any CPU.Build.0 = Release|Any CPU
		{8C57054A-B275-45DC-9D53-74E014CC4594}.Virtual|x64.ActiveCfg = Release|Any CPU
		{8C57054A-B275-45DC-9D53-74E014CC4594}.Virtual|x64.Build.0 = Release|Any CPU
		{8C57054A-B275-45DC-9D53-74E014CC4594}.Virtual|x86.ActiveCfg = Release|Any CPU
		{8C57054A-B275-45DC-9D53-74E014CC4594}.Virtual|x86.Build.0 = Release|Any CPU
		{412415A4-4343-497E-9F56-3C9865417DDD}.Debug|Any CPU.ActiveCfg = Debug|Any CPU
		{412415A4-4343-497E-9F56-3C9865417DDD}.Debug|Any CPU.Build.0 = Debug|Any CPU
		{412415A4-4343-497E-9F56-3C9865417DDD}.Debug|x64.ActiveCfg = Debug|Any CPU
		{412415A4-4343-497E-9F56-3C9865417DDD}.Debug|x64.Build.0 = Debug|Any CPU
		{412415A4-4343-497E-9F56-3C9865417DDD}.Debug|x86.ActiveCfg = Debug|Any CPU
		{412415A4-4343-497E-9F56-3C9865417DDD}.Debug|x86.Build.0 = Debug|Any CPU
		{412415A4-4343-497E-9F56-3C9865417DDD}.Release|Any CPU.ActiveCfg = Release|Any CPU
		{412415A4-4343-497E-9F56-3C9865417DDD}.Release|Any CPU.Build.0 = Release|Any CPU
		{412415A4-4343-497E-9F56-3C9865417DDD}.Release|x64.ActiveCfg = Release|Any CPU
		{412415A4-4343-497E-9F56-3C9865417DDD}.Release|x64.Build.0 = Release|Any CPU
		{412415A4-4343-497E-9F56-3C9865417DDD}.Release|x86.ActiveCfg = Release|Any CPU
		{412415A4-4343-497E-9F56-3C9865417DDD}.Release|x86.Build.0 = Release|Any CPU
		{412415A4-4343-497E-9F56-3C9865417DDD}.Virtual|Any CPU.ActiveCfg = Debug|Any CPU
		{412415A4-4343-497E-9F56-3C9865417DDD}.Virtual|Any CPU.Build.0 = Debug|Any CPU
		{412415A4-4343-497E-9F56-3C9865417DDD}.Virtual|x64.ActiveCfg = Debug|Any CPU
		{412415A4-4343-497E-9F56-3C9865417DDD}.Virtual|x64.Build.0 = Debug|Any CPU
		{412415A4-4343-497E-9F56-3C9865417DDD}.Virtual|x86.ActiveCfg = Debug|Any CPU
		{412415A4-4343-497E-9F56-3C9865417DDD}.Virtual|x86.Build.0 = Debug|Any CPU
		{BB36C222-3E22-4521-A4FF-4F43EBAD5670}.Debug|Any CPU.ActiveCfg = Debug|Any CPU
		{BB36C222-3E22-4521-A4FF-4F43EBAD5670}.Debug|Any CPU.Build.0 = Debug|Any CPU
		{BB36C222-3E22-4521-A4FF-4F43EBAD5670}.Debug|x64.ActiveCfg = Debug|Any CPU
		{BB36C222-3E22-4521-A4FF-4F43EBAD5670}.Debug|x64.Build.0 = Debug|Any CPU
		{BB36C222-3E22-4521-A4FF-4F43EBAD5670}.Debug|x86.ActiveCfg = Debug|Any CPU
		{BB36C222-3E22-4521-A4FF-4F43EBAD5670}.Debug|x86.Build.0 = Debug|Any CPU
		{BB36C222-3E22-4521-A4FF-4F43EBAD5670}.Release|Any CPU.ActiveCfg = Release|Any CPU
		{BB36C222-3E22-4521-A4FF-4F43EBAD5670}.Release|Any CPU.Build.0 = Release|Any CPU
		{BB36C222-3E22-4521-A4FF-4F43EBAD5670}.Release|x64.ActiveCfg = Release|Any CPU
		{BB36C222-3E22-4521-A4FF-4F43EBAD5670}.Release|x64.Build.0 = Release|Any CPU
		{BB36C222-3E22-4521-A4FF-4F43EBAD5670}.Release|x86.ActiveCfg = Release|Any CPU
		{BB36C222-3E22-4521-A4FF-4F43EBAD5670}.Release|x86.Build.0 = Release|Any CPU
		{BB36C222-3E22-4521-A4FF-4F43EBAD5670}.Virtual|Any CPU.ActiveCfg = Debug|Any CPU
		{BB36C222-3E22-4521-A4FF-4F43EBAD5670}.Virtual|Any CPU.Build.0 = Debug|Any CPU
		{BB36C222-3E22-4521-A4FF-4F43EBAD5670}.Virtual|x64.ActiveCfg = Debug|Any CPU
		{BB36C222-3E22-4521-A4FF-4F43EBAD5670}.Virtual|x64.Build.0 = Debug|Any CPU
		{BB36C222-3E22-4521-A4FF-4F43EBAD5670}.Virtual|x86.ActiveCfg = Debug|Any CPU
		{BB36C222-3E22-4521-A4FF-4F43EBAD5670}.Virtual|x86.Build.0 = Debug|Any CPU
		{B236AB76-C2FD-4342-A928-549EB0DEA9F0}.Debug|Any CPU.ActiveCfg = Debug|Any CPU
		{B236AB76-C2FD-4342-A928-549EB0DEA9F0}.Debug|Any CPU.Build.0 = Debug|Any CPU
		{B236AB76-C2FD-4342-A928-549EB0DEA9F0}.Debug|x64.ActiveCfg = Debug|Any CPU
		{B236AB76-C2FD-4342-A928-549EB0DEA9F0}.Debug|x64.Build.0 = Debug|Any CPU
		{B236AB76-C2FD-4342-A928-549EB0DEA9F0}.Debug|x86.ActiveCfg = Debug|Any CPU
		{B236AB76-C2FD-4342-A928-549EB0DEA9F0}.Debug|x86.Build.0 = Debug|Any CPU
		{B236AB76-C2FD-4342-A928-549EB0DEA9F0}.Release|Any CPU.ActiveCfg = Release|Any CPU
		{B236AB76-C2FD-4342-A928-549EB0DEA9F0}.Release|Any CPU.Build.0 = Release|Any CPU
		{B236AB76-C2FD-4342-A928-549EB0DEA9F0}.Release|x64.ActiveCfg = Release|Any CPU
		{B236AB76-C2FD-4342-A928-549EB0DEA9F0}.Release|x64.Build.0 = Release|Any CPU
		{B236AB76-C2FD-4342-A928-549EB0DEA9F0}.Release|x86.ActiveCfg = Release|Any CPU
		{B236AB76-C2FD-4342-A928-549EB0DEA9F0}.Release|x86.Build.0 = Release|Any CPU
		{B236AB76-C2FD-4342-A928-549EB0DEA9F0}.Virtual|Any CPU.ActiveCfg = Debug|Any CPU
		{B236AB76-C2FD-4342-A928-549EB0DEA9F0}.Virtual|Any CPU.Build.0 = Debug|Any CPU
		{B236AB76-C2FD-4342-A928-549EB0DEA9F0}.Virtual|x64.ActiveCfg = Debug|Any CPU
		{B236AB76-C2FD-4342-A928-549EB0DEA9F0}.Virtual|x64.Build.0 = Debug|Any CPU
		{B236AB76-C2FD-4342-A928-549EB0DEA9F0}.Virtual|x86.ActiveCfg = Debug|Any CPU
		{B236AB76-C2FD-4342-A928-549EB0DEA9F0}.Virtual|x86.Build.0 = Debug|Any CPU
		{150F53D0-BCD1-4936-B93C-A8F371945773}.Debug|Any CPU.ActiveCfg = Debug|Any CPU
		{150F53D0-BCD1-4936-B93C-A8F371945773}.Debug|Any CPU.Build.0 = Debug|Any CPU
		{150F53D0-BCD1-4936-B93C-A8F371945773}.Debug|x64.ActiveCfg = Debug|Any CPU
		{150F53D0-BCD1-4936-B93C-A8F371945773}.Debug|x64.Build.0 = Debug|Any CPU
		{150F53D0-BCD1-4936-B93C-A8F371945773}.Debug|x86.ActiveCfg = Debug|Any CPU
		{150F53D0-BCD1-4936-B93C-A8F371945773}.Debug|x86.Build.0 = Debug|Any CPU
		{150F53D0-BCD1-4936-B93C-A8F371945773}.Release|Any CPU.ActiveCfg = Release|Any CPU
		{150F53D0-BCD1-4936-B93C-A8F371945773}.Release|Any CPU.Build.0 = Release|Any CPU
		{150F53D0-BCD1-4936-B93C-A8F371945773}.Release|x64.ActiveCfg = Release|Any CPU
		{150F53D0-BCD1-4936-B93C-A8F371945773}.Release|x64.Build.0 = Release|Any CPU
		{150F53D0-BCD1-4936-B93C-A8F371945773}.Release|x86.ActiveCfg = Release|Any CPU
		{150F53D0-BCD1-4936-B93C-A8F371945773}.Release|x86.Build.0 = Release|Any CPU
		{150F53D0-BCD1-4936-B93C-A8F371945773}.Virtual|Any CPU.ActiveCfg = Debug|Any CPU
		{150F53D0-BCD1-4936-B93C-A8F371945773}.Virtual|Any CPU.Build.0 = Debug|Any CPU
		{150F53D0-BCD1-4936-B93C-A8F371945773}.Virtual|x64.ActiveCfg = Debug|Any CPU
		{150F53D0-BCD1-4936-B93C-A8F371945773}.Virtual|x64.Build.0 = Debug|Any CPU
		{150F53D0-BCD1-4936-B93C-A8F371945773}.Virtual|x86.ActiveCfg = Debug|Any CPU
		{150F53D0-BCD1-4936-B93C-A8F371945773}.Virtual|x86.Build.0 = Debug|Any CPU
		{AC2808DA-504A-4529-A1F4-A38842550099}.Debug|Any CPU.ActiveCfg = Debug|Any CPU
		{AC2808DA-504A-4529-A1F4-A38842550099}.Debug|Any CPU.Build.0 = Debug|Any CPU
		{AC2808DA-504A-4529-A1F4-A38842550099}.Debug|x64.ActiveCfg = Debug|Any CPU
		{AC2808DA-504A-4529-A1F4-A38842550099}.Debug|x64.Build.0 = Debug|Any CPU
		{AC2808DA-504A-4529-A1F4-A38842550099}.Debug|x86.ActiveCfg = Debug|Any CPU
		{AC2808DA-504A-4529-A1F4-A38842550099}.Debug|x86.Build.0 = Debug|Any CPU
		{AC2808DA-504A-4529-A1F4-A38842550099}.Release|Any CPU.ActiveCfg = Release|Any CPU
		{AC2808DA-504A-4529-A1F4-A38842550099}.Release|Any CPU.Build.0 = Release|Any CPU
		{AC2808DA-504A-4529-A1F4-A38842550099}.Release|x64.ActiveCfg = Release|Any CPU
		{AC2808DA-504A-4529-A1F4-A38842550099}.Release|x64.Build.0 = Release|Any CPU
		{AC2808DA-504A-4529-A1F4-A38842550099}.Release|x86.ActiveCfg = Release|Any CPU
		{AC2808DA-504A-4529-A1F4-A38842550099}.Release|x86.Build.0 = Release|Any CPU
		{AC2808DA-504A-4529-A1F4-A38842550099}.Virtual|Any CPU.ActiveCfg = Debug|Any CPU
		{AC2808DA-504A-4529-A1F4-A38842550099}.Virtual|Any CPU.Build.0 = Debug|Any CPU
		{AC2808DA-504A-4529-A1F4-A38842550099}.Virtual|x64.ActiveCfg = Debug|Any CPU
		{AC2808DA-504A-4529-A1F4-A38842550099}.Virtual|x64.Build.0 = Debug|Any CPU
		{AC2808DA-504A-4529-A1F4-A38842550099}.Virtual|x86.ActiveCfg = Debug|Any CPU
		{AC2808DA-504A-4529-A1F4-A38842550099}.Virtual|x86.Build.0 = Debug|Any CPU
	EndGlobalSection
	GlobalSection(SolutionProperties) = preSolution
		HideSolutionNode = FALSE
	EndGlobalSection
	GlobalSection(ExtensibilityGlobals) = postSolution
		SolutionGuid = {DA7C967D-204A-4CFE-944D-61A7D76A902F}
	EndGlobalSection
EndGlobal
